
Microsoft Visual Studio Solution File, Format Version 12.00
# Visual Studio Version 17
VisualStudioVersion = 17.5.002.0
MinimumVisualStudioVersion = 10.0.40219.1
Project("{2150E333-8FDC-42A3-9474-1A3956D46DE8}") = "Unidad 1", "Unidad 1", "{7094884B-EF9B-4618-9109-C388AFF97B51}"
EndProject
Project("{9A19103F-16F7-4668-BE54-9A1E7A4F7556}") = "Calculadora", "Unidad 1\Calculadora\Calculadora.csproj", "{BF936AFD-0CE0-4D83-AA31-C8C80F387CA1}"
EndProject
Project("{9A19103F-16F7-4668-BE54-9A1E7A4F7556}") = "ejercicios1", "Unidad 1\ejercicios1\ejercicios1.csproj", "{E01DE3AB-E830-4A47-8D0D-8FD88B3B2754}"
EndProject
Project("{2150E333-8FDC-42A3-9474-1A3956D46DE8}") = "Unidad 2", "Unidad 2", "{FB92A6EA-5038-4831-A44B-1537C40D4446}"
EndProject
Project("{9A19103F-16F7-4668-BE54-9A1E7A4F7556}") = "ejerciciocondicional1", "Unidad 2\ejerciciocondicional1\ejerciciocondicional1.csproj", "{FCC25201-1FB2-46B9-BC7B-EAFC6F86C691}"
EndProject
Project("{2150E333-8FDC-42A3-9474-1A3956D46DE8}") = "Unidad 3", "Unidad 3", "{F415FB89-2B1D-4386-8FD2-E04AF2569D04}"
EndProject
Project("{9A19103F-16F7-4668-BE54-9A1E7A4F7556}") = "ejercicio1", "Unidad 3\ejercicio1\ejercicio1.csproj", "{7F0BDEC3-48AA-43B3-9241-2C70CDF77F66}"
EndProject
Project("{9A19103F-16F7-4668-BE54-9A1E7A4F7556}") = "ejercicio1.1", "Unidad 3\ejercicio1.1\ejercicio1.1.csproj", "{BF7100C4-AC82-4A2B-B303-D48ED808F824}"
EndProject
Project("{9A19103F-16F7-4668-BE54-9A1E7A4F7556}") = "ejercicio2", "Unidad 3\ejercicio2\ejercicio2.csproj", "{D50FBFF0-6D99-41B3-9A64-61D3905AE4EC}"
EndProject
Project("{9A19103F-16F7-4668-BE54-9A1E7A4F7556}") = "ejercicio3", "Unidad 3\ejercicio3\ejercicio3.csproj", "{0928FC2E-2300-478A-90D3-D3EB26644F42}"
EndProject
Project("{9A19103F-16F7-4668-BE54-9A1E7A4F7556}") = "ejercicio4", "Unidad 3\ejercicio4\ejercicio4.csproj", "{89289120-72D7-48A9-8612-70CB0525E207}"
EndProject
Project("{9A19103F-16F7-4668-BE54-9A1E7A4F7556}") = "ejercicio5", "Unidad 3\ejercicio5\ejercicio5.csproj", "{FF80F8E1-C679-4053-A6E6-7BE2B373E83C}"
EndProject
Project("{2150E333-8FDC-42A3-9474-1A3956D46DE8}") = "Unidad 4", "Unidad 4", "{BA416A95-CB27-4F0C-9B85-95FB4D2BE843}"
EndProject
Project("{9A19103F-16F7-4668-BE54-9A1E7A4F7556}") = "ejercicio1", "Unidad 4\ejercicio1\ejercicio1.csproj", "{F53109BA-89E9-4118-A013-B866057F0F29}"
EndProject
Project("{9A19103F-16F7-4668-BE54-9A1E7A4F7556}") = "ejercicio2", "Unidad 4\ejercicio2\ejercicio2.csproj", "{97A2F70B-EC6E-46F6-94E4-4675FC976666}"
EndProject
Project("{9A19103F-16F7-4668-BE54-9A1E7A4F7556}") = "ejercicio3", "Unidad 4\ejercicio3\ejercicio3.csproj", "{09D5A6C2-EDB8-4835-8B60-0BC0FDF6E263}"
EndProject
Project("{9A19103F-16F7-4668-BE54-9A1E7A4F7556}") = "ejercicio4", "Unidad 4\ejercicio4\ejercicio4.csproj", "{6B232CA3-2AFC-44E3-AFF7-0A9CEE046A64}"
EndProject
Project("{9A19103F-16F7-4668-BE54-9A1E7A4F7556}") = "ejercicio5", "Unidad 4\ejercicio5\ejercicio5.csproj", "{C1C6A951-D6E3-49E7-BBC3-591F0F017F0F}"
EndProject
Project("{9A19103F-16F7-4668-BE54-9A1E7A4F7556}") = "ejercicio6", "Unidad 4\ejercicio6\ejercicio6.csproj", "{23B7A403-115B-4986-A660-E2E6711F307F}"
EndProject
Project("{2150E333-8FDC-42A3-9474-1A3956D46DE8}") = "Unidad 5", "Unidad 5", "{23DF0F84-2E82-4569-A522-086325DF9C76}"
EndProject
Project("{9A19103F-16F7-4668-BE54-9A1E7A4F7556}") = "ejercicio1", "Unidad 5\ejercicio1\ejercicio1.csproj", "{D7C89504-9EF9-44DB-88AF-7B33136A1E9A}"
EndProject
Project("{9A19103F-16F7-4668-BE54-9A1E7A4F7556}") = "ejercicio2", "Unidad 5\ejercicio2\ejercicio2.csproj", "{3D5C25C6-3984-423E-A402-EA3C5B99F15F}"
EndProject
Project("{9A19103F-16F7-4668-BE54-9A1E7A4F7556}") = "ejercicio3", "Unidad 5\ejercicio3\ejercicio3.csproj", "{5343A396-ED65-4253-9B24-FE19E4B7B04C}"
EndProject
Project("{2150E333-8FDC-42A3-9474-1A3956D46DE8}") = "Unidad 7", "Unidad 7", "{2BF94B3B-D2A0-40DD-9E41-38C2B50AE38D}"
EndProject
Project("{9A19103F-16F7-4668-BE54-9A1E7A4F7556}") = "practicas", "Unidad 7\practicas\practicas.csproj", "{ABA20C36-15E0-4671-BD40-EE11B595F57A}"
EndProject
Project("{2150E333-8FDC-42A3-9474-1A3956D46DE8}") = "ejercicios1 (1)", "ejercicios1", "{78AF0D94-8D88-4057-933A-447575F37960}"
EndProject
Project("{9A19103F-16F7-4668-BE54-9A1E7A4F7556}") = "ejercicio1", "Unidad 1\ejercicios1\ejercicio1\ejercicio1.csproj", "{FFDFAD47-A324-44F3-B6F6-5978CD6FF3DF}"
EndProject
Project("{9A19103F-16F7-4668-BE54-9A1E7A4F7556}") = "ejercicio2", "Unidad 1\ejercicios1\ejercicio2\ejercicio2.csproj", "{DF41C6DB-6635-47ED-B69A-712387B767A4}"
EndProject
Project("{9A19103F-16F7-4668-BE54-9A1E7A4F7556}") = "ejercicio3", "Unidad 1\ejercicios1\ejercicio3\ejercicio3.csproj", "{4BFC4A1D-1ABD-418F-82E6-9D35A30C9602}"
EndProject
Project("{9A19103F-16F7-4668-BE54-9A1E7A4F7556}") = "ejercicio4", "Unidad 1\ejercicios1\ejercicio4\ejercicio4.csproj", "{54B2F6CF-283D-48AE-839E-E02F3E90BAD4}"
EndProject
Project("{9A19103F-16F7-4668-BE54-9A1E7A4F7556}") = "ejercicio5", "Unidad 1\ejercicios1\ejercicio5\ejercicio5.csproj", "{76603592-07AD-421E-B7DE-4A1C6DFC296C}"
EndProject
Project("{2150E333-8FDC-42A3-9474-1A3956D46DE8}") = "ejercicioContadorAcumulador", "ejercicioContadorAcumulador", "{2C2BDAA0-1B02-46A9-ABA8-12F10571029B}"
EndProject
Project("{9A19103F-16F7-4668-BE54-9A1E7A4F7556}") = "ejercicio1", "Unidad 2\ejercicioContadorAcumulador\ejercicio1\ejercicio1.csproj", "{25A7F2DF-9803-44E7-BFDE-955396D580B9}"
EndProject
Project("{2150E333-8FDC-42A3-9474-1A3956D46DE8}") = "ejercicios", "ejercicios", "{3C5F295F-814C-472D-9334-CC4FE0DD81DE}"
EndProject
Project("{9A19103F-16F7-4668-BE54-9A1E7A4F7556}") = "ejercicio1", "Unidad 2\ejercicios\ejercicio1\ejercicio1.csproj", "{E418C758-1103-459F-9DFF-5ABB402F483E}"
EndProject
Project("{9A19103F-16F7-4668-BE54-9A1E7A4F7556}") = "ejercicio2", "Unidad 2\ejercicios\ejercicio2\ejercicio2.csproj", "{CCE9A496-78CF-4469-B851-36803BF064B3}"
EndProject
Project("{9A19103F-16F7-4668-BE54-9A1E7A4F7556}") = "ejercicio3", "Unidad 2\ejercicios\ejercicio3\ejercicio3.csproj", "{9F7E8DAD-3C51-4A5C-A896-96ADC0E6AE97}"
EndProject
Project("{9A19103F-16F7-4668-BE54-9A1E7A4F7556}") = "ejercicio4", "Unidad 2\ejercicios\ejercicio4\ejercicio4.csproj", "{87D7345A-13B5-458A-A934-C94B54156026}"
EndProject
Project("{9A19103F-16F7-4668-BE54-9A1E7A4F7556}") = "ejercicio5", "Unidad 2\ejercicios\ejercicio5\ejercicio5.csproj", "{FCAA98D9-E94B-4BBB-874D-DA1E387FD527}"
EndProject
Project("{9A19103F-16F7-4668-BE54-9A1E7A4F7556}") = "ejercicio6", "Unidad 2\ejercicios\ejercicio6\ejercicio6.csproj", "{0FBB3544-C9E4-4E46-9DB2-6C6CC3300835}"
EndProject
Global
	GlobalSection(SolutionConfigurationPlatforms) = preSolution
		Debug|Any CPU = Debug|Any CPU
		Release|Any CPU = Release|Any CPU
	EndGlobalSection
	GlobalSection(ProjectConfigurationPlatforms) = postSolution
		{BF936AFD-0CE0-4D83-AA31-C8C80F387CA1}.Debug|Any CPU.ActiveCfg = Debug|Any CPU
		{BF936AFD-0CE0-4D83-AA31-C8C80F387CA1}.Debug|Any CPU.Build.0 = Debug|Any CPU
		{BF936AFD-0CE0-4D83-AA31-C8C80F387CA1}.Release|Any CPU.ActiveCfg = Release|Any CPU
		{BF936AFD-0CE0-4D83-AA31-C8C80F387CA1}.Release|Any CPU.Build.0 = Release|Any CPU
		{E01DE3AB-E830-4A47-8D0D-8FD88B3B2754}.Debug|Any CPU.ActiveCfg = Debug|Any CPU
		{E01DE3AB-E830-4A47-8D0D-8FD88B3B2754}.Debug|Any CPU.Build.0 = Debug|Any CPU
		{E01DE3AB-E830-4A47-8D0D-8FD88B3B2754}.Release|Any CPU.ActiveCfg = Release|Any CPU
		{E01DE3AB-E830-4A47-8D0D-8FD88B3B2754}.Release|Any CPU.Build.0 = Release|Any CPU
		{FCC25201-1FB2-46B9-BC7B-EAFC6F86C691}.Debug|Any CPU.ActiveCfg = Debug|Any CPU
		{FCC25201-1FB2-46B9-BC7B-EAFC6F86C691}.Debug|Any CPU.Build.0 = Debug|Any CPU
		{FCC25201-1FB2-46B9-BC7B-EAFC6F86C691}.Release|Any CPU.ActiveCfg = Release|Any CPU
		{FCC25201-1FB2-46B9-BC7B-EAFC6F86C691}.Release|Any CPU.Build.0 = Release|Any CPU
		{7F0BDEC3-48AA-43B3-9241-2C70CDF77F66}.Debug|Any CPU.ActiveCfg = Debug|Any CPU
		{7F0BDEC3-48AA-43B3-9241-2C70CDF77F66}.Debug|Any CPU.Build.0 = Debug|Any CPU
		{7F0BDEC3-48AA-43B3-9241-2C70CDF77F66}.Release|Any CPU.ActiveCfg = Release|Any CPU
		{7F0BDEC3-48AA-43B3-9241-2C70CDF77F66}.Release|Any CPU.Build.0 = Release|Any CPU
		{BF7100C4-AC82-4A2B-B303-D48ED808F824}.Debug|Any CPU.ActiveCfg = Debug|Any CPU
		{BF7100C4-AC82-4A2B-B303-D48ED808F824}.Debug|Any CPU.Build.0 = Debug|Any CPU
		{BF7100C4-AC82-4A2B-B303-D48ED808F824}.Release|Any CPU.ActiveCfg = Release|Any CPU
		{BF7100C4-AC82-4A2B-B303-D48ED808F824}.Release|Any CPU.Build.0 = Release|Any CPU
		{D50FBFF0-6D99-41B3-9A64-61D3905AE4EC}.Debug|Any CPU.ActiveCfg = Debug|Any CPU
		{D50FBFF0-6D99-41B3-9A64-61D3905AE4EC}.Debug|Any CPU.Build.0 = Debug|Any CPU
		{D50FBFF0-6D99-41B3-9A64-61D3905AE4EC}.Release|Any CPU.ActiveCfg = Release|Any CPU
		{D50FBFF0-6D99-41B3-9A64-61D3905AE4EC}.Release|Any CPU.Build.0 = Release|Any CPU
		{0928FC2E-2300-478A-90D3-D3EB26644F42}.Debug|Any CPU.ActiveCfg = Debug|Any CPU
		{0928FC2E-2300-478A-90D3-D3EB26644F42}.Debug|Any CPU.Build.0 = Debug|Any CPU
		{0928FC2E-2300-478A-90D3-D3EB26644F42}.Release|Any CPU.ActiveCfg = Release|Any CPU
		{0928FC2E-2300-478A-90D3-D3EB26644F42}.Release|Any CPU.Build.0 = Release|Any CPU
		{89289120-72D7-48A9-8612-70CB0525E207}.Debug|Any CPU.ActiveCfg = Debug|Any CPU
		{89289120-72D7-48A9-8612-70CB0525E207}.Debug|Any CPU.Build.0 = Debug|Any CPU
		{89289120-72D7-48A9-8612-70CB0525E207}.Release|Any CPU.ActiveCfg = Release|Any CPU
		{89289120-72D7-48A9-8612-70CB0525E207}.Release|Any CPU.Build.0 = Release|Any CPU
		{FF80F8E1-C679-4053-A6E6-7BE2B373E83C}.Debug|Any CPU.ActiveCfg = Debug|Any CPU
		{FF80F8E1-C679-4053-A6E6-7BE2B373E83C}.Debug|Any CPU.Build.0 = Debug|Any CPU
		{FF80F8E1-C679-4053-A6E6-7BE2B373E83C}.Release|Any CPU.ActiveCfg = Release|Any CPU
		{FF80F8E1-C679-4053-A6E6-7BE2B373E83C}.Release|Any CPU.Build.0 = Release|Any CPU
		{F53109BA-89E9-4118-A013-B866057F0F29}.Debug|Any CPU.ActiveCfg = Debug|Any CPU
		{F53109BA-89E9-4118-A013-B866057F0F29}.Debug|Any CPU.Build.0 = Debug|Any CPU
		{F53109BA-89E9-4118-A013-B866057F0F29}.Release|Any CPU.ActiveCfg = Release|Any CPU
		{F53109BA-89E9-4118-A013-B866057F0F29}.Release|Any CPU.Build.0 = Release|Any CPU
		{97A2F70B-EC6E-46F6-94E4-4675FC976666}.Debug|Any CPU.ActiveCfg = Debug|Any CPU
		{97A2F70B-EC6E-46F6-94E4-4675FC976666}.Debug|Any CPU.Build.0 = Debug|Any CPU
		{97A2F70B-EC6E-46F6-94E4-4675FC976666}.Release|Any CPU.ActiveCfg = Release|Any CPU
		{97A2F70B-EC6E-46F6-94E4-4675FC976666}.Release|Any CPU.Build.0 = Release|Any CPU
		{09D5A6C2-EDB8-4835-8B60-0BC0FDF6E263}.Debug|Any CPU.ActiveCfg = Debug|Any CPU
		{09D5A6C2-EDB8-4835-8B60-0BC0FDF6E263}.Debug|Any CPU.Build.0 = Debug|Any CPU
		{09D5A6C2-EDB8-4835-8B60-0BC0FDF6E263}.Release|Any CPU.ActiveCfg = Release|Any CPU
		{09D5A6C2-EDB8-4835-8B60-0BC0FDF6E263}.Release|Any CPU.Build.0 = Release|Any CPU
		{6B232CA3-2AFC-44E3-AFF7-0A9CEE046A64}.Debug|Any CPU.ActiveCfg = Debug|Any CPU
		{6B232CA3-2AFC-44E3-AFF7-0A9CEE046A64}.Debug|Any CPU.Build.0 = Debug|Any CPU
		{6B232CA3-2AFC-44E3-AFF7-0A9CEE046A64}.Release|Any CPU.ActiveCfg = Release|Any CPU
		{6B232CA3-2AFC-44E3-AFF7-0A9CEE046A64}.Release|Any CPU.Build.0 = Release|Any CPU
		{C1C6A951-D6E3-49E7-BBC3-591F0F017F0F}.Debug|Any CPU.ActiveCfg = Debug|Any CPU
		{C1C6A951-D6E3-49E7-BBC3-591F0F017F0F}.Debug|Any CPU.Build.0 = Debug|Any CPU
		{C1C6A951-D6E3-49E7-BBC3-591F0F017F0F}.Release|Any CPU.ActiveCfg = Release|Any CPU
		{C1C6A951-D6E3-49E7-BBC3-591F0F017F0F}.Release|Any CPU.Build.0 = Release|Any CPU
		{23B7A403-115B-4986-A660-E2E6711F307F}.Debug|Any CPU.ActiveCfg = Debug|Any CPU
		{23B7A403-115B-4986-A660-E2E6711F307F}.Debug|Any CPU.Build.0 = Debug|Any CPU
		{23B7A403-115B-4986-A660-E2E6711F307F}.Release|Any CPU.ActiveCfg = Release|Any CPU
		{23B7A403-115B-4986-A660-E2E6711F307F}.Release|Any CPU.Build.0 = Release|Any CPU
		{D7C89504-9EF9-44DB-88AF-7B33136A1E9A}.Debug|Any CPU.ActiveCfg = Debug|Any CPU
		{D7C89504-9EF9-44DB-88AF-7B33136A1E9A}.Debug|Any CPU.Build.0 = Debug|Any CPU
		{D7C89504-9EF9-44DB-88AF-7B33136A1E9A}.Release|Any CPU.ActiveCfg = Release|Any CPU
		{D7C89504-9EF9-44DB-88AF-7B33136A1E9A}.Release|Any CPU.Build.0 = Release|Any CPU
		{3D5C25C6-3984-423E-A402-EA3C5B99F15F}.Debug|Any CPU.ActiveCfg = Debug|Any CPU
		{3D5C25C6-3984-423E-A402-EA3C5B99F15F}.Debug|Any CPU.Build.0 = Debug|Any CPU
		{3D5C25C6-3984-423E-A402-EA3C5B99F15F}.Release|Any CPU.ActiveCfg = Release|Any CPU
		{3D5C25C6-3984-423E-A402-EA3C5B99F15F}.Release|Any CPU.Build.0 = Release|Any CPU
		{5343A396-ED65-4253-9B24-FE19E4B7B04C}.Debug|Any CPU.ActiveCfg = Debug|Any CPU
		{5343A396-ED65-4253-9B24-FE19E4B7B04C}.Debug|Any CPU.Build.0 = Debug|Any CPU
		{5343A396-ED65-4253-9B24-FE19E4B7B04C}.Release|Any CPU.ActiveCfg = Release|Any CPU
		{5343A396-ED65-4253-9B24-FE19E4B7B04C}.Release|Any CPU.Build.0 = Release|Any CPU
		{ABA20C36-15E0-4671-BD40-EE11B595F57A}.Debug|Any CPU.ActiveCfg = Debug|Any CPU
		{ABA20C36-15E0-4671-BD40-EE11B595F57A}.Debug|Any CPU.Build.0 = Debug|Any CPU
		{ABA20C36-15E0-4671-BD40-EE11B595F57A}.Release|Any CPU.ActiveCfg = Release|Any CPU
		{ABA20C36-15E0-4671-BD40-EE11B595F57A}.Release|Any CPU.Build.0 = Release|Any CPU
		{FFDFAD47-A324-44F3-B6F6-5978CD6FF3DF}.Debug|Any CPU.ActiveCfg = Debug|Any CPU
		{FFDFAD47-A324-44F3-B6F6-5978CD6FF3DF}.Debug|Any CPU.Build.0 = Debug|Any CPU
		{FFDFAD47-A324-44F3-B6F6-5978CD6FF3DF}.Release|Any CPU.ActiveCfg = Release|Any CPU
		{FFDFAD47-A324-44F3-B6F6-5978CD6FF3DF}.Release|Any CPU.Build.0 = Release|Any CPU
		{DF41C6DB-6635-47ED-B69A-712387B767A4}.Debug|Any CPU.ActiveCfg = Debug|Any CPU
		{DF41C6DB-6635-47ED-B69A-712387B767A4}.Debug|Any CPU.Build.0 = Debug|Any CPU
		{DF41C6DB-6635-47ED-B69A-712387B767A4}.Release|Any CPU.ActiveCfg = Release|Any CPU
		{DF41C6DB-6635-47ED-B69A-712387B767A4}.Release|Any CPU.Build.0 = Release|Any CPU
		{4BFC4A1D-1ABD-418F-82E6-9D35A30C9602}.Debug|Any CPU.ActiveCfg = Debug|Any CPU
		{4BFC4A1D-1ABD-418F-82E6-9D35A30C9602}.Debug|Any CPU.Build.0 = Debug|Any CPU
		{4BFC4A1D-1ABD-418F-82E6-9D35A30C9602}.Release|Any CPU.ActiveCfg = Release|Any CPU
		{4BFC4A1D-1ABD-418F-82E6-9D35A30C9602}.Release|Any CPU.Build.0 = Release|Any CPU
		{54B2F6CF-283D-48AE-839E-E02F3E90BAD4}.Debug|Any CPU.ActiveCfg = Debug|Any CPU
		{54B2F6CF-283D-48AE-839E-E02F3E90BAD4}.Debug|Any CPU.Build.0 = Debug|Any CPU
		{54B2F6CF-283D-48AE-839E-E02F3E90BAD4}.Release|Any CPU.ActiveCfg = Release|Any CPU
		{54B2F6CF-283D-48AE-839E-E02F3E90BAD4}.Release|Any CPU.Build.0 = Release|Any CPU
		{76603592-07AD-421E-B7DE-4A1C6DFC296C}.Debug|Any CPU.ActiveCfg = Debug|Any CPU
		{76603592-07AD-421E-B7DE-4A1C6DFC296C}.Debug|Any CPU.Build.0 = Debug|Any CPU
		{76603592-07AD-421E-B7DE-4A1C6DFC296C}.Release|Any CPU.ActiveCfg = Release|Any CPU
		{76603592-07AD-421E-B7DE-4A1C6DFC296C}.Release|Any CPU.Build.0 = Release|Any CPU
		{25A7F2DF-9803-44E7-BFDE-955396D580B9}.Debug|Any CPU.ActiveCfg = Debug|Any CPU
		{25A7F2DF-9803-44E7-BFDE-955396D580B9}.Debug|Any CPU.Build.0 = Debug|Any CPU
		{25A7F2DF-9803-44E7-BFDE-955396D580B9}.Release|Any CPU.ActiveCfg = Release|Any CPU
		{25A7F2DF-9803-44E7-BFDE-955396D580B9}.Release|Any CPU.Build.0 = Release|Any CPU
		{E418C758-1103-459F-9DFF-5ABB402F483E}.Debug|Any CPU.ActiveCfg = Debug|Any CPU
		{E418C758-1103-459F-9DFF-5ABB402F483E}.Debug|Any CPU.Build.0 = Debug|Any CPU
		{E418C758-1103-459F-9DFF-5ABB402F483E}.Release|Any CPU.ActiveCfg = Release|Any CPU
		{E418C758-1103-459F-9DFF-5ABB402F483E}.Release|Any CPU.Build.0 = Release|Any CPU
		{CCE9A496-78CF-4469-B851-36803BF064B3}.Debug|Any CPU.ActiveCfg = Debug|Any CPU
		{CCE9A496-78CF-4469-B851-36803BF064B3}.Debug|Any CPU.Build.0 = Debug|Any CPU
		{CCE9A496-78CF-4469-B851-36803BF064B3}.Release|Any CPU.ActiveCfg = Release|Any CPU
		{CCE9A496-78CF-4469-B851-36803BF064B3}.Release|Any CPU.Build.0 = Release|Any CPU
		{9F7E8DAD-3C51-4A5C-A896-96ADC0E6AE97}.Debug|Any CPU.ActiveCfg = Debug|Any CPU
		{9F7E8DAD-3C51-4A5C-A896-96ADC0E6AE97}.Debug|Any CPU.Build.0 = Debug|Any CPU
		{9F7E8DAD-3C51-4A5C-A896-96ADC0E6AE97}.Release|Any CPU.ActiveCfg = Release|Any CPU
		{9F7E8DAD-3C51-4A5C-A896-96ADC0E6AE97}.Release|Any CPU.Build.0 = Release|Any CPU
		{87D7345A-13B5-458A-A934-C94B54156026}.Debug|Any CPU.ActiveCfg = Debug|Any CPU
		{87D7345A-13B5-458A-A934-C94B54156026}.Debug|Any CPU.Build.0 = Debug|Any CPU
		{87D7345A-13B5-458A-A934-C94B54156026}.Release|Any CPU.ActiveCfg = Release|Any CPU
		{87D7345A-13B5-458A-A934-C94B54156026}.Release|Any CPU.Build.0 = Release|Any CPU
		{FCAA98D9-E94B-4BBB-874D-DA1E387FD527}.Debug|Any CPU.ActiveCfg = Debug|Any CPU
		{FCAA98D9-E94B-4BBB-874D-DA1E387FD527}.Debug|Any CPU.Build.0 = Debug|Any CPU
		{FCAA98D9-E94B-4BBB-874D-DA1E387FD527}.Release|Any CPU.ActiveCfg = Release|Any CPU
		{FCAA98D9-E94B-4BBB-874D-DA1E387FD527}.Release|Any CPU.Build.0 = Release|Any CPU
		{0FBB3544-C9E4-4E46-9DB2-6C6CC3300835}.Debug|Any CPU.ActiveCfg = Debug|Any CPU
		{0FBB3544-C9E4-4E46-9DB2-6C6CC3300835}.Debug|Any CPU.Build.0 = Debug|Any CPU
		{0FBB3544-C9E4-4E46-9DB2-6C6CC3300835}.Release|Any CPU.ActiveCfg = Release|Any CPU
		{0FBB3544-C9E4-4E46-9DB2-6C6CC3300835}.Release|Any CPU.Build.0 = Release|Any CPU
	EndGlobalSection
	GlobalSection(SolutionProperties) = preSolution
		HideSolutionNode = FALSE
	EndGlobalSection
	GlobalSection(NestedProjects) = preSolution
		{BF936AFD-0CE0-4D83-AA31-C8C80F387CA1} = {7094884B-EF9B-4618-9109-C388AFF97B51}
		{E01DE3AB-E830-4A47-8D0D-8FD88B3B2754} = {7094884B-EF9B-4618-9109-C388AFF97B51}
		{FCC25201-1FB2-46B9-BC7B-EAFC6F86C691} = {FB92A6EA-5038-4831-A44B-1537C40D4446}
		{7F0BDEC3-48AA-43B3-9241-2C70CDF77F66} = {F415FB89-2B1D-4386-8FD2-E04AF2569D04}
		{BF7100C4-AC82-4A2B-B303-D48ED808F824} = {F415FB89-2B1D-4386-8FD2-E04AF2569D04}
		{D50FBFF0-6D99-41B3-9A64-61D3905AE4EC} = {F415FB89-2B1D-4386-8FD2-E04AF2569D04}
		{0928FC2E-2300-478A-90D3-D3EB26644F42} = {F415FB89-2B1D-4386-8FD2-E04AF2569D04}
		{89289120-72D7-48A9-8612-70CB0525E207} = {F415FB89-2B1D-4386-8FD2-E04AF2569D04}
		{FF80F8E1-C679-4053-A6E6-7BE2B373E83C} = {F415FB89-2B1D-4386-8FD2-E04AF2569D04}
		{F53109BA-89E9-4118-A013-B866057F0F29} = {BA416A95-CB27-4F0C-9B85-95FB4D2BE843}
		{97A2F70B-EC6E-46F6-94E4-4675FC976666} = {BA416A95-CB27-4F0C-9B85-95FB4D2BE843}
		{09D5A6C2-EDB8-4835-8B60-0BC0FDF6E263} = {BA416A95-CB27-4F0C-9B85-95FB4D2BE843}
		{6B232CA3-2AFC-44E3-AFF7-0A9CEE046A64} = {BA416A95-CB27-4F0C-9B85-95FB4D2BE843}
		{C1C6A951-D6E3-49E7-BBC3-591F0F017F0F} = {BA416A95-CB27-4F0C-9B85-95FB4D2BE843}
		{23B7A403-115B-4986-A660-E2E6711F307F} = {BA416A95-CB27-4F0C-9B85-95FB4D2BE843}
		{D7C89504-9EF9-44DB-88AF-7B33136A1E9A} = {23DF0F84-2E82-4569-A522-086325DF9C76}
		{3D5C25C6-3984-423E-A402-EA3C5B99F15F} = {23DF0F84-2E82-4569-A522-086325DF9C76}
		{5343A396-ED65-4253-9B24-FE19E4B7B04C} = {23DF0F84-2E82-4569-A522-086325DF9C76}
		{ABA20C36-15E0-4671-BD40-EE11B595F57A} = {2BF94B3B-D2A0-40DD-9E41-38C2B50AE38D}
		{78AF0D94-8D88-4057-933A-447575F37960} = {7094884B-EF9B-4618-9109-C388AFF97B51}
		{FFDFAD47-A324-44F3-B6F6-5978CD6FF3DF} = {78AF0D94-8D88-4057-933A-447575F37960}
		{DF41C6DB-6635-47ED-B69A-712387B767A4} = {78AF0D94-8D88-4057-933A-447575F37960}
		{4BFC4A1D-1ABD-418F-82E6-9D35A30C9602} = {78AF0D94-8D88-4057-933A-447575F37960}
		{54B2F6CF-283D-48AE-839E-E02F3E90BAD4} = {78AF0D94-8D88-4057-933A-447575F37960}
		{76603592-07AD-421E-B7DE-4A1C6DFC296C} = {78AF0D94-8D88-4057-933A-447575F37960}
		{2C2BDAA0-1B02-46A9-ABA8-12F10571029B} = {FB92A6EA-5038-4831-A44B-1537C40D4446}
		{25A7F2DF-9803-44E7-BFDE-955396D580B9} = {2C2BDAA0-1B02-46A9-ABA8-12F10571029B}
		{3C5F295F-814C-472D-9334-CC4FE0DD81DE} = {FB92A6EA-5038-4831-A44B-1537C40D4446}
		{E418C758-1103-459F-9DFF-5ABB402F483E} = {3C5F295F-814C-472D-9334-CC4FE0DD81DE}
		{CCE9A496-78CF-4469-B851-36803BF064B3} = {3C5F295F-814C-472D-9334-CC4FE0DD81DE}
		{9F7E8DAD-3C51-4A5C-A896-96ADC0E6AE97} = {3C5F295F-814C-472D-9334-CC4FE0DD81DE}
		{87D7345A-13B5-458A-A934-C94B54156026} = {3C5F295F-814C-472D-9334-CC4FE0DD81DE}
		{FCAA98D9-E94B-4BBB-874D-DA1E387FD527} = {3C5F295F-814C-472D-9334-CC4FE0DD81DE}
		{0FBB3544-C9E4-4E46-9DB2-6C6CC3300835} = {3C5F295F-814C-472D-9334-CC4FE0DD81DE}
	EndGlobalSection
	GlobalSection(ExtensibilityGlobals) = postSolution
		SolutionGuid = {CFB82C6D-797F-4B97-A7F6-3D2A67889C6D}
	EndGlobalSection
EndGlobal
